PODS:
  - Flutter (1.0.0)
  - flutter_my_splash_screen (0.0.1):
    - Flutter

DEPENDENCIES:
  - Flutter (from `Flutter`)
  - flutter_my_splash_screen (from `.symlinks/plugins/flutter_my_splash_screen/ios`)

EXTERNAL SOURCES:
  Flutter:
    :path: Flutter
  flutter_my_splash_screen:
    :path: ".symlinks/plugins/flutter_my_splash_screen/ios"

SPEC CHECKSUMS:
  Flutter: 0e3d915762c693b495b44d77113d4970485de6ec
  flutter_my_splash_screen: 41f4d1135b119845c46491eb35ab80c882481835

PODFILE CHECKSUM: 1b66dae606f75376c5f2135a8290850eeb09ae83

COCOAPODS: 1.7.5
